PODS:
  - app_installer (1.1.0):
    - Flutter
  - ATBarSDK (1.4.1)
  - audio_session (0.0.1):
    - Flutter
  - Bugly (2.5.93)
  - camera_avfoundation (0.0.1):
    - Flutter
  - DKImagePickerController/Core (4.3.4):
    - DKImagePickerController/ImageDataManager
    - DKImagePickerController/Resource
  - DKImagePickerController/ImageDataManager (4.3.4)
  - DKImagePickerController/PhotoGallery (4.3.4):
    - DKImagePickerController/Core
    - DKPhotoGallery
  - DKImagePickerController/Resource (4.3.4)
  - DKPhotoGallery (0.0.17):
    - DKPhotoGallery/Core (= 0.0.17)
    - DKPhotoGallery/Model (= 0.0.17)
    - DKPhotoGallery/Preview (= 0.0.17)
    - DKPhotoGallery/Resource (= 0.0.17)
    - SDWebImage
    - SwiftyGif
  - DKPhotoGallery/Core (0.0.17):
    - DKPhotoGallery/Model
    - DKPhotoGallery/Preview
    - SDWebImage
    - SwiftyGif
  - DKPhotoGallery/Model (0.0.17):
    - SDWebImage
    - SwiftyGif
  - DKPhotoGallery/Preview (0.0.17):
    - DKPhotoGallery/Model
    - DKPhotoGallery/Resource
    - SDWebImage
    - SwiftyGif
  - DKPhotoGallery/Resource (0.0.17):
    - SDWebImage
    - SwiftyGif
  - emoji_picker_flutter (0.0.1):
    - Flutter
  - file_picker (0.0.1):
    - DKImagePickerController/PhotoGallery
    - Flutter
  - Flutter (1.0.0)
  - flutter_app_badger (0.0.1):
    - Flutter
  - flutter_bugly (0.0.1):
    - Bugly
    - Flutter
  - flutter_image_compress (0.0.1):
    - Flutter
    - Mantle
    - SDWebImage
    - SDWebImageWebPCoder
  - flutter_inappwebview (0.0.1):
    - Flutter
    - flutter_inappwebview/Core (= 0.0.1)
    - OrderedSet (~> 5.0)
  - flutter_inappwebview/Core (0.0.1):
    - Flutter
    - OrderedSet (~> 5.0)
  - flutter_keyboard_visibility (0.0.1):
    - Flutter
  - flutter_local_notifications (0.0.1):
    - Flutter
  - flutter_openim_sdk (0.0.1):
    - Flutter
    - OpenIMSDKCore (= 2.3.4)
  - FMDB (2.7.5):
    - FMDB/standard (= 2.7.5)
  - FMDB/standard (2.7.5)
  - getuiflut (0.0.1):
    - Flutter
    - GTSDK
  - GTSDK (2.7.1.0):
    - ZXSDK
  - image_cropper (0.0.4):
    - Flutter
    - TOCropViewController (~> 2.6.1)
  - image_gallery_saver (1.5.0):
    - Flutter
  - image_picker (0.0.1):
    - Flutter
  - just_audio (0.0.1):
    - Flutter
  - libwebp (1.2.3):
    - libwebp/demux (= 1.2.3)
    - libwebp/mux (= 1.2.3)
    - libwebp/webp (= 1.2.3)
  - libwebp/demux (1.2.3):
    - libwebp/webp
  - libwebp/mux (1.2.3):
    - libwebp/demux
  - libwebp/webp (1.2.3)
  - Mantle (2.2.0):
    - Mantle/extobjc (= 2.2.0)
  - Mantle/extobjc (2.2.0)
  - map_launcher (0.0.1):
    - Flutter
  - MTBBarcodeScanner (5.0.11)
  - open_file (0.0.1):
    - Flutter
  - "OpenIMSDKCore (2.3.4+2)"
  - OrderedSet (5.0.0)
  - package_info_plus (0.4.5):
    - Flutter
  - path_provider_ios (0.0.1):
    - Flutter
  - permission_handler_apple (9.0.4):
    - Flutter
  - photo_manager (2.0.0):
    - Flutter
    - FlutterMacOS
  - qr_code_scanner (0.2.0):
    - Flutter
    - MTBBarcodeScanner
  - r_scan (0.0.1):
    - ATBarSDK (~> 1.4.1)
    - Flutter
    - ZXingObjC (~> 3.6.5)
  - record (0.0.1):
    - Flutter
  - SDWebImage (5.13.5):
    - SDWebImage/Core (= 5.13.5)
  - SDWebImage/Core (5.13.5)
  - SDWebImageWebPCoder (0.9.1):
    - libwebp (~> 1.0)
    - SDWebImage/Core (~> 5.13)
  - shared_preferences_ios (0.0.1):
    - Flutter
  - sqflite (0.0.2):
    - Flutter
    - FMDB (>= 2.7.5)
  - SwiftyGif (5.4.3)
  - TOCropViewController (2.6.1)
  - uri_to_file (0.0.1):
    - Flutter
  - url_launcher_ios (0.0.1):
    - Flutter
  - video_player_avfoundation (0.0.1):
    - Flutter
  - wakelock (0.0.1):
    - Flutter
  - ZXingObjC (3.6.5):
    - ZXingObjC/All (= 3.6.5)
  - ZXingObjC/All (3.6.5)
  - ZXSDK (3.2.0)

DEPENDENCIES:
  - app_installer (from `.symlinks/plugins/app_installer/ios`)
  - audio_session (from `.symlinks/plugins/audio_session/ios`)
  - camera_avfoundation (from `.symlinks/plugins/camera_avfoundation/ios`)
  - emoji_picker_flutter (from `.symlinks/plugins/emoji_picker_flutter/ios`)
  - file_picker (from `.symlinks/plugins/file_picker/ios`)
  - Flutter (from `Flutter`)
  - flutter_app_badger (from `.symlinks/plugins/flutter_app_badger/ios`)
  - flutter_bugly (from `.symlinks/plugins/flutter_bugly/ios`)
  - flutter_image_compress (from `.symlinks/plugins/flutter_image_compress/ios`)
  - flutter_inappwebview (from `.symlinks/plugins/flutter_inappwebview/ios`)
  - flutter_keyboard_visibility (from `.symlinks/plugins/flutter_keyboard_visibility/ios`)
  - flutter_local_notifications (from `.symlinks/plugins/flutter_local_notifications/ios`)
  - flutter_openim_sdk (from `.symlinks/plugins/flutter_openim_sdk/ios`)
  - getuiflut (from `.symlinks/plugins/getuiflut/ios`)
  - image_cropper (from `.symlinks/plugins/image_cropper/ios`)
  - image_gallery_saver (from `.symlinks/plugins/image_gallery_saver/ios`)
  - image_picker (from `.symlinks/plugins/image_picker/ios`)
  - just_audio (from `.symlinks/plugins/just_audio/ios`)
  - map_launcher (from `.symlinks/plugins/map_launcher/ios`)
  - open_file (from `.symlinks/plugins/open_file/ios`)
  - package_info_plus (from `.symlinks/plugins/package_info_plus/ios`)
  - path_provider_ios (from `.symlinks/plugins/path_provider_ios/ios`)
  - permission_handler_apple (from `.symlinks/plugins/permission_handler_apple/ios`)
  - photo_manager (from `.symlinks/plugins/photo_manager/ios`)
  - qr_code_scanner (from `.symlinks/plugins/qr_code_scanner/ios`)
  - r_scan (from `.symlinks/plugins/r_scan/ios`)
  - record (from `.symlinks/plugins/record/ios`)
  - shared_preferences_ios (from `.symlinks/plugins/shared_preferences_ios/ios`)
  - sqflite (from `.symlinks/plugins/sqflite/ios`)
  - uri_to_file (from `.symlinks/plugins/uri_to_file/ios`)
  - url_launcher_ios (from `.symlinks/plugins/url_launcher_ios/ios`)
  - video_player_avfoundation (from `.symlinks/plugins/video_player_avfoundation/ios`)
  - wakelock (from `.symlinks/plugins/wakelock/ios`)

SPEC REPOS:
  trunk:
    - ATBarSDK
    - Bugly
    - DKImagePickerController
    - DKPhotoGallery
    - FMDB
    - GTSDK
    - libwebp
    - Mantle
    - MTBBarcodeScanner
    - OpenIMSDKCore
    - OrderedSet
    - SDWebImage
    - SDWebImageWebPCoder
    - SwiftyGif
    - TOCropViewController
    - ZXingObjC
    - ZXSDK

EXTERNAL SOURCES:
  app_installer:
    :path: ".symlinks/plugins/app_installer/ios"
  audio_session:
    :path: ".symlinks/plugins/audio_session/ios"
  camera_avfoundation:
    :path: ".symlinks/plugins/camera_avfoundation/ios"
  emoji_picker_flutter:
    :path: ".symlinks/plugins/emoji_picker_flutter/ios"
  file_picker:
    :path: ".symlinks/plugins/file_picker/ios"
  Flutter:
    :path: Flutter
  flutter_app_badger:
    :path: ".symlinks/plugins/flutter_app_badger/ios"
  flutter_bugly:
    :path: ".symlinks/plugins/flutter_bugly/ios"
  flutter_image_compress:
    :path: ".symlinks/plugins/flutter_image_compress/ios"
  flutter_inappwebview:
    :path: ".symlinks/plugins/flutter_inappwebview/ios"
  flutter_keyboard_visibility:
    :path: ".symlinks/plugins/flutter_keyboard_visibility/ios"
  flutter_local_notifications:
    :path: ".symlinks/plugins/flutter_local_notifications/ios"
  flutter_openim_sdk:
    :path: ".symlinks/plugins/flutter_openim_sdk/ios"
  getuiflut:
    :path: ".symlinks/plugins/getuiflut/ios"
  image_cropper:
    :path: ".symlinks/plugins/image_cropper/ios"
  image_gallery_saver:
    :path: ".symlinks/plugins/image_gallery_saver/ios"
  image_picker:
    :path: ".symlinks/plugins/image_picker/ios"
  just_audio:
    :path: ".symlinks/plugins/just_audio/ios"
  map_launcher:
    :path: ".symlinks/plugins/map_launcher/ios"
  open_file:
    :path: ".symlinks/plugins/open_file/ios"
  package_info_plus:
    :path: ".symlinks/plugins/package_info_plus/ios"
  path_provider_ios:
    :path: ".symlinks/plugins/path_provider_ios/ios"
  permission_handler_apple:
    :path: ".symlinks/plugins/permission_handler_apple/ios"
  photo_manager:
    :path: ".symlinks/plugins/photo_manager/ios"
  qr_code_scanner:
    :path: ".symlinks/plugins/qr_code_scanner/ios"
  r_scan:
    :path: ".symlinks/plugins/r_scan/ios"
  record:
    :path: ".symlinks/plugins/record/ios"
  shared_preferences_ios:
    :path: ".symlinks/plugins/shared_preferences_ios/ios"
  sqflite:
    :path: ".symlinks/plugins/sqflite/ios"
  uri_to_file:
    :path: ".symlinks/plugins/uri_to_file/ios"
  url_launcher_ios:
    :path: ".symlinks/plugins/url_launcher_ios/ios"
  video_player_avfoundation:
    :path: ".symlinks/plugins/video_player_avfoundation/ios"
  wakelock:
    :path: ".symlinks/plugins/wakelock/ios"

SPEC CHECKSUMS:
  app_installer: 4301996bd8f3c6f75776416b8885a6d92928306f
  ATBarSDK: b6aa2b6a120ac7d6b1ff041bd60b9edde6bb17c4
  audio_session: 4f3e461722055d21515cf3261b64c973c062f345
  Bugly: b8715e6ec4004b7f7fbffab0643ba80545aee3da
  camera_avfoundation: 07c77549ea54ad95d8581be86617c094a46280d9
  DKImagePickerController: b512c28220a2b8ac7419f21c491fc8534b7601ac
  DKPhotoGallery: fdfad5125a9fdda9cc57df834d49df790dbb4179
  emoji_picker_flutter: df19dac03a2b39ac667dc8d1da939ef3a9e21347
  file_picker: 3e6c3790de664ccf9b882732d9db5eaf6b8d4eb1
  Flutter: f04841e97a9d0b0a8025694d0796dd46242b2854
  flutter_app_badger: 65de4d6f0c34a891df49e6cfb8a1c0496426fa68
  flutter_bugly: c9800f4d5bc5bdc27ffdde3417a26ba44266e0c3
  flutter_image_compress: fd2b476345226e1a10ea352fa306af95704642c1
  flutter_inappwebview: bfd58618f49dc62f2676de690fc6dcda1d6c3721
  flutter_keyboard_visibility: 0339d06371254c3eb25eeb90ba8d17dca8f9c069
  flutter_local_notifications: 0c0b1ae97e741e1521e4c1629a459d04b9aec743
  flutter_openim_sdk: 0670c879fbfa2e2197262a436e6fb0be16d38b3e
  FMDB: 2ce00b547f966261cd18927a3ddb07cb6f3db82a
  getuiflut: 8628ba2b64a738a847a07d2b67e0ac305778e2ee
  GTSDK: 546259fef58f9fc1df6b86ec13307c3218b9e2e3
  image_cropper: 60c2789d1f1a78c873235d4319ca0c34a69f2d98
  image_gallery_saver: 259eab68fb271cfd57d599904f7acdc7832e7ef2
  image_picker: 541dcbb3b9cf32d87eacbd957845d8651d6c62c3
  just_audio: baa7252489dbcf47a4c7cc9ca663e9661c99aafa
  libwebp: 60305b2e989864154bd9be3d772730f08fc6a59c
  Mantle: c5aa8794a29a022dfbbfc9799af95f477a69b62d
  map_launcher: e325db1261d029ff33e08e03baccffe09593ffea
  MTBBarcodeScanner: f453b33c4b7dfe545d8c6484ed744d55671788cb
  open_file: 02eb5cb6b21264bd3a696876f5afbfb7ca4f4b7d
  OpenIMSDKCore: 0df676003368a149a36338c795cc2efde6c46eba
  OrderedSet: aaeb196f7fef5a9edf55d89760da9176ad40b93c
  package_info_plus: 6c92f08e1f853dc01228d6f553146438dafcd14e
  path_provider_ios: 14f3d2fd28c4fdb42f44e0f751d12861c43cee02
  permission_handler_apple: 44366e37eaf29454a1e7b1b7d736c2cceaeb17ce
  photo_manager: 4f6810b7dfc4feb03b461ac1a70dacf91fba7604
  qr_code_scanner: bb67d64904c3b9658ada8c402e8b4d406d5d796e
  r_scan: 5672d9b68f8cece3835895a6aaab12047acf65bd
  record: cae05d8dd3cdb1dea3511b20e5a5811a1ae00d0d
  SDWebImage: 23d714cd599354ee7906dbae26dff89b421c4370
  SDWebImageWebPCoder: 18503de6621dd2c420d680e33d46bf8e1d5169b0
  shared_preferences_ios: 548a61f8053b9b8a49ac19c1ffbc8b92c50d68ad
  sqflite: 6d358c025f5b867b29ed92fc697fd34924e11904
  SwiftyGif: 6c3eafd0ce693cad58bb63d2b2fb9bacb8552780
  TOCropViewController: edfd4f25713d56905ad1e0b9f5be3fbe0f59c863
  uri_to_file: c4726881848febf4806f0a5707bd12903e02b0f0
  url_launcher_ios: 839c58cdb4279282219f5e248c3321761ff3c4de
  video_player_avfoundation: e489aac24ef5cf7af82702979ed16f2a5ef84cff
  wakelock: d0fc7c864128eac40eba1617cb5264d9c940b46f
  ZXingObjC: fdbb269f25dd2032da343e06f10224d62f537bdb
  ZXSDK: abe4ef2002d42d51cdfab14256b8492bbeed2190

PODFILE CHECKSUM: f4a3892e0341c815b77c8eb68286c822db8491d2

COCOAPODS: 1.11.3
