PODS:
  - audio_session (0.0.1):
    - Flutter
  - camera (0.0.1):
    - Flutter
  - DKImagePickerController/Core (4.3.2):
    - DKImagePickerController/ImageDataManager
    - DKImagePickerController/Resource
  - DKImagePickerController/ImageDataManager (4.3.2)
  - DKImagePickerController/PhotoGallery (4.3.2):
    - DKImagePickerController/Core
    - DKPhotoGallery
  - DKImagePickerController/Resource (4.3.2)
  - DKPhotoGallery (0.0.17):
    - DKPhotoGallery/Core (= 0.0.17)
    - DKPhotoGallery/Model (= 0.0.17)
    - DKPhotoGallery/Preview (= 0.0.17)
    - DKPhotoGallery/Resource (= 0.0.17)
    - SDWebImage
    - SwiftyGif
  - DKPhotoGallery/Core (0.0.17):
    - DKPhotoGallery/Model
    - DKPhotoGallery/Preview
    - SDWebImage
    - SwiftyGif
  - DKPhotoGallery/Model (0.0.17):
    - SDWebImage
    - SwiftyGif
  - DKPhotoGallery/Preview (0.0.17):
    - DKPhotoGallery/Model
    - DKPhotoGallery/Resource
    - SDWebImage
    - SwiftyGif
  - DKPhotoGallery/Resource (0.0.17):
    - SDWebImage
    - SwiftyGif
  - file_picker (0.0.1):
    - DKImagePickerController/PhotoGallery
    - Flutter
  - Flutter (1.0.0)
  - flutter_app_badger (0.0.1):
    - Flutter
  - flutter_image_compress (0.0.1):
    - Flutter
    - Mantle
    - SDWebImage
    - SDWebImageWebPCoder
  - flutter_inappwebview (0.0.1):
    - Flutter
    - flutter_inappwebview/Core (= 0.0.1)
    - OrderedSet (~> 5.0)
  - flutter_inappwebview/Core (0.0.1):
    - Flutter
    - OrderedSet (~> 5.0)
  - flutter_local_notifications (0.0.1):
    - Flutter
  - flutter_openim_sdk (0.0.1):
    - Flutter
  - flutter_webrtc (0.2.2):
    - Flutter
    - Libyuv (= 1703)
    - WebRTC-SDK (= 92.4515.07)
  - FMDB (2.7.5):
    - FMDB/standard (= 2.7.5)
  - FMDB/standard (2.7.5)
  - image_cropper (0.0.4):
    - Flutter
    - TOCropViewController (~> 2.6.0)
  - image_gallery_saver (1.5.0):
    - Flutter
  - image_picker (0.0.1):
    - Flutter
  - JCore (2.7.1)
  - JPush (3.7.0):
    - JCore (< 3.0.0, >= 2.0.0)
  - jpush_flutter (0.0.2):
    - Flutter
    - JCore (= 2.7.1)
    - JPush (= 3.7.0)
  - just_audio (0.0.1):
    - Flutter
  - libwebp (1.2.1):
    - libwebp/demux (= 1.2.1)
    - libwebp/mux (= 1.2.1)
    - libwebp/webp (= 1.2.1)
  - libwebp/demux (1.2.1):
    - libwebp/webp
  - libwebp/mux (1.2.1):
    - libwebp/demux
  - libwebp/webp (1.2.1)
  - Libyuv (1703)
  - Mantle (2.1.6):
    - Mantle/extobjc (= 2.1.6)
  - Mantle/extobjc (2.1.6)
  - MTBBarcodeScanner (5.0.11)
  - open_file (0.0.1):
    - Flutter
  - OrderedSet (5.0.0)
  - package_info_plus (0.4.5):
    - Flutter
  - path_provider (0.0.1):
    - Flutter
  - "permission_handler (5.1.0+2)":
    - Flutter
  - photo_manager (1.0.0):
    - Flutter
    - FlutterMacOS
  - qr_code_scanner (0.2.0):
    - Flutter
    - MTBBarcodeScanner
  - record (0.0.1):
    - Flutter
  - SDWebImage (5.12.1):
    - SDWebImage/Core (= 5.12.1)
  - SDWebImage/Core (5.12.1)
  - SDWebImageWebPCoder (0.8.4):
    - libwebp (~> 1.0)
    - SDWebImage/Core (~> 5.10)
  - shared_preferences (0.0.1):
    - Flutter
  - sqflite (0.0.2):
    - Flutter
    - FMDB (>= 2.7.5)
  - SwiftyGif (5.4.0)
  - TOCropViewController (2.6.0)
  - video_player (0.0.1):
    - Flutter
  - wakelock (0.0.1):
    - Flutter
  - WebRTC-SDK (92.4515.07)

DEPENDENCIES:
  - audio_session (from `.symlinks/plugins/audio_session/ios`)
  - camera (from `.symlinks/plugins/camera/ios`)
  - file_picker (from `.symlinks/plugins/file_picker/ios`)
  - Flutter (from `Flutter`)
  - flutter_app_badger (from `.symlinks/plugins/flutter_app_badger/ios`)
  - flutter_image_compress (from `.symlinks/plugins/flutter_image_compress/ios`)
  - flutter_inappwebview (from `.symlinks/plugins/flutter_inappwebview/ios`)
  - flutter_local_notifications (from `.symlinks/plugins/flutter_local_notifications/ios`)
  - flutter_openim_sdk (from `.symlinks/plugins/flutter_openim_sdk/ios`)
  - flutter_webrtc (from `.symlinks/plugins/flutter_webrtc/ios`)
  - image_cropper (from `.symlinks/plugins/image_cropper/ios`)
  - image_gallery_saver (from `.symlinks/plugins/image_gallery_saver/ios`)
  - image_picker (from `.symlinks/plugins/image_picker/ios`)
  - jpush_flutter (from `.symlinks/plugins/jpush_flutter/ios`)
  - just_audio (from `.symlinks/plugins/just_audio/ios`)
  - open_file (from `.symlinks/plugins/open_file/ios`)
  - package_info_plus (from `.symlinks/plugins/package_info_plus/ios`)
  - path_provider (from `.symlinks/plugins/path_provider/ios`)
  - permission_handler (from `.symlinks/plugins/permission_handler/ios`)
  - photo_manager (from `.symlinks/plugins/photo_manager/ios`)
  - qr_code_scanner (from `.symlinks/plugins/qr_code_scanner/ios`)
  - record (from `.symlinks/plugins/record/ios`)
  - shared_preferences (from `.symlinks/plugins/shared_preferences/ios`)
  - sqflite (from `.symlinks/plugins/sqflite/ios`)
  - video_player (from `.symlinks/plugins/video_player/ios`)
  - wakelock (from `.symlinks/plugins/wakelock/ios`)

SPEC REPOS:
  trunk:
    - DKImagePickerController
    - DKPhotoGallery
    - FMDB
    - JCore
    - JPush
    - libwebp
    - Libyuv
    - Mantle
    - MTBBarcodeScanner
    - OrderedSet
    - SDWebImage
    - SDWebImageWebPCoder
    - SwiftyGif
    - TOCropViewController
    - WebRTC-SDK

EXTERNAL SOURCES:
  audio_session:
    :path: ".symlinks/plugins/audio_session/ios"
  camera:
    :path: ".symlinks/plugins/camera/ios"
  file_picker:
    :path: ".symlinks/plugins/file_picker/ios"
  Flutter:
    :path: Flutter
  flutter_app_badger:
    :path: ".symlinks/plugins/flutter_app_badger/ios"
  flutter_image_compress:
    :path: ".symlinks/plugins/flutter_image_compress/ios"
  flutter_inappwebview:
    :path: ".symlinks/plugins/flutter_inappwebview/ios"
  flutter_local_notifications:
    :path: ".symlinks/plugins/flutter_local_notifications/ios"
  flutter_openim_sdk:
    :path: ".symlinks/plugins/flutter_openim_sdk/ios"
  flutter_webrtc:
    :path: ".symlinks/plugins/flutter_webrtc/ios"
  image_cropper:
    :path: ".symlinks/plugins/image_cropper/ios"
  image_gallery_saver:
    :path: ".symlinks/plugins/image_gallery_saver/ios"
  image_picker:
    :path: ".symlinks/plugins/image_picker/ios"
  jpush_flutter:
    :path: ".symlinks/plugins/jpush_flutter/ios"
  just_audio:
    :path: ".symlinks/plugins/just_audio/ios"
  open_file:
    :path: ".symlinks/plugins/open_file/ios"
  package_info_plus:
    :path: ".symlinks/plugins/package_info_plus/ios"
  path_provider:
    :path: ".symlinks/plugins/path_provider/ios"
  permission_handler:
    :path: ".symlinks/plugins/permission_handler/ios"
  photo_manager:
    :path: ".symlinks/plugins/photo_manager/ios"
  qr_code_scanner:
    :path: ".symlinks/plugins/qr_code_scanner/ios"
  record:
    :path: ".symlinks/plugins/record/ios"
  shared_preferences:
    :path: ".symlinks/plugins/shared_preferences/ios"
  sqflite:
    :path: ".symlinks/plugins/sqflite/ios"
  video_player:
    :path: ".symlinks/plugins/video_player/ios"
  wakelock:
    :path: ".symlinks/plugins/wakelock/ios"

SPEC CHECKSUMS:
  audio_session: 4f3e461722055d21515cf3261b64c973c062f345
  camera: 3164201dc344383e62282964016528c4f5a9ad50
  DKImagePickerController: b5eb7f7a388e4643264105d648d01f727110fc3d
  DKPhotoGallery: fdfad5125a9fdda9cc57df834d49df790dbb4179
  file_picker: 3e6c3790de664ccf9b882732d9db5eaf6b8d4eb1
  Flutter: 50d75fe2f02b26cc09d224853bb45737f8b3214a
  flutter_app_badger: 65de4d6f0c34a891df49e6cfb8a1c0496426fa68
  flutter_image_compress: fd2b476345226e1a10ea352fa306af95704642c1
  flutter_inappwebview: bfd58618f49dc62f2676de690fc6dcda1d6c3721
  flutter_local_notifications: 0c0b1ae97e741e1521e4c1629a459d04b9aec743
  flutter_openim_sdk: fb45777c3d642ea4921f6687c8a4fac41c025eda
  flutter_webrtc: 6b71a1fc1d931a3dfe879e578ea10e2e6cd84f53
  FMDB: 2ce00b547f966261cd18927a3ddb07cb6f3db82a
  image_cropper: f1668dd8d2cad2d357955caad15a40547856edcb
  image_gallery_saver: 259eab68fb271cfd57d599904f7acdc7832e7ef2
  image_picker: e06f7a68f000bd36f552c1847e33cda96ed31f1f
  JCore: 9d5bda3a172c65bbe14f2806ab0f6246f8a06065
  JPush: 1fd7a326e7e6588eba517659ce1b79a144e54938
  jpush_flutter: d5fd523a73277ed66d453fc7ac1c981d1fa525e2
  just_audio: baa7252489dbcf47a4c7cc9ca663e9661c99aafa
  libwebp: 98a37e597e40bfdb4c911fc98f2c53d0b12d05fc
  Libyuv: 5f79ced0ee66e60a612ca97de1e6ccacd187a437
  Mantle: 4c0ed6ce47c96eccc4dc3bb071deb3def0e2c3be
  MTBBarcodeScanner: f453b33c4b7dfe545d8c6484ed744d55671788cb
  open_file: 02eb5cb6b21264bd3a696876f5afbfb7ca4f4b7d
  OrderedSet: aaeb196f7fef5a9edf55d89760da9176ad40b93c
  package_info_plus: 6c92f08e1f853dc01228d6f553146438dafcd14e
  path_provider: abfe2b5c733d04e238b0d8691db0cfd63a27a93c
  permission_handler: ccb20a9fad0ee9b1314a52b70b76b473c5f8dab0
  photo_manager: 84fa94fbeb82e607333ea9a13c43b58e0903a463
  qr_code_scanner: bb67d64904c3b9658ada8c402e8b4d406d5d796e
  record: 7ee2393532f8553bbb09fa19e95478323b7c0a99
  SDWebImage: 4dc3e42d9ec0c1028b960a33ac6b637bb432207b
  SDWebImageWebPCoder: f93010f3f6c031e2f8fb3081ca4ee6966c539815
  shared_preferences: af6bfa751691cdc24be3045c43ec037377ada40d
  sqflite: 6d358c025f5b867b29ed92fc697fd34924e11904
  SwiftyGif: 5d4af95df24caf1c570dbbcb32a3b8a0763bc6d7
  TOCropViewController: 3105367e808b7d3d886a74ff59bf4804e7d3ab38
  video_player: 9cc823b1d9da7e8427ee591e8438bfbcde500e6e
  wakelock: d0fc7c864128eac40eba1617cb5264d9c940b46f
  WebRTC-SDK: 540a44f2e30e89c75e331d5c4a372253ba668233

PODFILE CHECKSUM: 6a027b6c926211726afdb5aa905d2de7dbbbcb71

COCOAPODS: 1.11.2
